// !$*UTF8*$!
{
	archiveVersion = 1;
	classes = {
	};
	objectVersion = 56;
	objects = {

/* Begin PBXBuildFile section */
		A6886CF52FA2203E00809E35 /* GameState.swift in Sources */ = {isa = PBXBuildFile; fileRef = A6886CF42FA2203E00809E35 /* GameState.swift */; };
		A6886CF72FA2207B00809E35 /* PlayerNode.swift in Sources */ = {isa = PBXBuildFile; fileRef = A6886CF62FA2207B00809E35 /* PlayerNode.swift */; };
		BCD0F3332F995AC70067AA84 /* AppDelegate.swift in Sources */ = {isa = PBXBuildFile; fileRef = BCD0F3322F995AC70067AA84 /* AppDelegate.swift */; };
		BCD0F3352F995AC70067AA84 /* GameScene.sks in Resources */ = {isa = PBXBuildFile; fileRef = BCD0F3342F995AC70067AA84 /* GameScene.sks */; };
		BCD0F33B2F995AC70067AA84 /* GameViewController.swift in Sources */ = {isa = PBXBuildFile; fileRef = BCD0F33A2F995AC70067AA84 /* GameViewController.swift */; };
		BCD0F33E2F995AC70067AA84 /* Main.storyboard in Resources */ = {isa = PBXBuildFile; fileRef = BCD0F33C2F995AC70067AA84 /* Main.storyboard */; };
		BCD0F3402F995AC80067AA84 /* Assets.xcassets in Resources */ = {isa = PBXBuildFile; fileRef = BCD0F33F2F995AC80067AA84 /* Assets.xcassets */; };
		BCD0F3432F995AC80067AA84 /* LaunchScreen.storyboard in Resources */ = {isa = PBXBuildFile; fileRef = BCD0F3412F995AC80067AA84 /* LaunchScreen.storyboard */; };
/* End PBXBuildFile section */

/* Begin PBXFileReference section */
		A6886CF32FA21FF500809E35 /* GameScene.swift */ = {isa = PBXFileReference; lastKnownFileType = sourcecode.swift; path = GameScene.swift; sourceTree = "<group>"; };
		A6886CF42FA2203E00809E35 /* GameState.swift */ = {isa = PBXFileReference; lastKnownFileType = sourcecode.swift; path = GameState.swift; sourceTree = "<group>"; };
		A6886CF62FA2207B00809E35 /* PlayerNode.swift */ = {isa = PBXFileReference; lastKnownFileType = sourcecode.swift; path = PlayerNode.swift; sourceTree = "<group>"; };
		BCD0F32F2F995AC70067AA84 /* GeoShot.app */ = {isa = PBXFileReference; explicitFileType = wrapper.application; includeInIndex = 0; path = GeoShot.app; sourceTree = BUILT_PRODUCTS_DIR; };
		BCD0F3322F995AC70067AA84 /* AppDelegate.swift */ = {isa = PBXFileReference; lastKnownFileType = sourcecode.swift; path = AppDelegate.swift; sourceTree = "<group>"; };
		BCD0F3342F995AC70067AA84 /* GameScene.sks */ = {isa = PBXFileReference; lastKnownFileType = file.sks; path = GameScene.sks; sourceTree = "<group>"; };
		BCD0F33A2F995AC70067AA84 /* GameViewController.swift */ = {isa = PBXFileReference; lastKnownFileType = sourcecode.swift; path = GameViewController.swift; sourceTree = "<group>"; };
		BCD0F33D2F995AC70067AA84 /* Base */ = {isa = PBXFileReference; lastKnownFileType = file.storyboard; name = Base; path = Base.lproj/Main.storyboard; sourceTree = "<group>"; };
		BCD0F33F2F995AC80067AA84 /* Assets.xcassets */ = {isa = PBXFileReference; lastKnownFileType = folder.assetcatalog; path = Assets.xcassets; sourceTree = "<group>"; };
		BCD0F3422F995AC80067AA84 /* Base */ = {isa = PBXFileReference; lastKnownFileType = file.storyboard; name = Base; path = Base.lproj/LaunchScreen.storyboard; sourceTree = "<group>"; };
/* End PBXFileReference section */

/* Begin PBXFrameworksBuildPhase section */
		BCD0F32C2F995AC70067AA84 /* Frameworks */ = {
			isa = PBXFrameworksBuildPhase;
			buildActionMask = 2147483647;
			files = (
			);
			runOnlyForDeploymentPostprocessing = 0;
		};
/* End PBXFrameworksBuildPhase section */

/* Begin PBXGroup section */
		A6886CEE2FA21F9400809E35 /* Nodes */ = {
			isa = PBXGroup;
			children = (
			);
			path = Nodes;
			sourceTree = "<group>";
		};
		A6886CF02FA21FC500809E35 /* Scenes */ = {
			isa = PBXGroup;
			children = (
				A6886CF32FA21FF500809E35 /* GameScene.swift */,
			);
			path = Scenes;
			sourceTree = "<group>";
		};
		A6886CF12FA21FCF00809E35 /* Models */ = {
			isa = PBXGroup;
			children = (
			);
			path = Models;
			sourceTree = "<group>";
		};
		A6886CF22FA21FD600809E35 /* Support */ = {
			isa = PBXGroup;
			children = (
				BCD0F33A2F995AC70067AA84 /* GameViewController.swift */,
				BCD0F3322F995AC70067AA84 /* AppDelegate.swift */,
			);
			path = Support;
			sourceTree = "<group>";
		};
		BCD0F3262F995AC70067AA84 = {
			isa = PBXGroup;
			children = (
				A6886CF62FA2207B00809E35 /* PlayerNode.swift */,
				A6886CF42FA2203E00809E35 /* GameState.swift */,
				BCD0F3312F995AC70067AA84 /* GeoShot */,
				BCD0F3302F995AC70067AA84 /* Products */,
			);
			sourceTree = "<group>";
		};
		BCD0F3302F995AC70067AA84 /* Products */ = {
			isa = PBXGroup;
			children = (
				BCD0F32F2F995AC70067AA84 /* GeoShot.app */,
			);
			name = Products;
			sourceTree = "<group>";
		};
		BCD0F3312F995AC70067AA84 /* GeoShot */ = {
			isa = PBXGroup;
			children = (
				A6886CF22FA21FD600809E35 /* Support */,
				A6886CF12FA21FCF00809E35 /* Models */,
				A6886CF02FA21FC500809E35 /* Scenes */,
				BCD0F3342F995AC70067AA84 /* GameScene.sks */,
				BCD0F33C2F995AC70067AA84 /* Main.storyboard */,
				BCD0F33F2F995AC80067AA84 /* Assets.xcassets */,
				BCD0F3412F995AC80067AA84 /* LaunchScreen.storyboard */,
				A6886CEE2FA21F9400809E35 /* Nodes */,
			);
			path = GeoShot;
			sourceTree = "<group>";
		};
/* End PBXGroup section */

/* Begin PBXNativeTarget section */
		BCD0F32E2F995AC70067AA84 /* GeoShot */ = {
			isa = PBXNativeTarget;
			buildConfigurationList = BCD0F3462F995AC80067AA84 /* Build configuration list for PBXNativeTarget "GeoShot" */;
			buildPhases = (
				BCD0F32B2F995AC70067AA84 /* Sources */,
				BCD0F32C2F995AC70067AA84 /* Frameworks */,
				BCD0F32D2F995AC70067AA84 /* Resources */,
			);
			buildRules = (
			);
			dependencies = (
			);
			name = GeoShot;
			productName = GeoShot;
			productReference = BCD0F32F2F995AC70067AA84 /* GeoShot.app */;
			productType = "com.apple.product-type.application";
		};
/* End PBXNativeTarget section */

/* Begin PBXProject section */
		BCD0F3272F995AC70067AA84 /* Project object */ = {
			isa = PBXProject;
			attributes = {
				BuildIndependentTargetsInParallel = 1;
				LastSwiftUpdateCheck = 1420;
				LastUpgradeCheck = 1420;
				TargetAttributes = {
					BCD0F32E2F995AC70067AA84 = {
						CreatedOnToolsVersion = 14.2;
					};
				};
			};
			buildConfigurationList = BCD0F32A2F995AC70067AA84 /* Build configuration list for PBXProject "GeoShot" */;
			compatibilityVersion = "Xcode 14.0";
			developmentRegion = en;
			hasScannedForEncodings = 0;
			knownRegions = (
				en,
				Base,
			);
			mainGroup = BCD0F3262F995AC70067AA84;
			productRefGroup = BCD0F3302F995AC70067AA84 /* Products */;
			projectDirPath = "";
			projectRoot = "";
			targets = (
				BCD0F32E2F995AC70067AA84 /* GeoShot */,
			);
		};
/* End PBXProject section */

/* Begin PBXResourcesBuildPhase section */
		BCD0F32D2F995AC70067AA84 /* Resources */ = {
			isa = PBXResourcesBuildPhase;
			buildActionMask = 2147483647;
			files = (
				BCD0F33E2F995AC70067AA84 /* Main.storyboard in Resources */,
				BCD0F3352F995AC70067AA84 /* GameScene.sks in Resources */,
				BCD0F3402F995AC80067AA84 /* Assets.xcassets in Resources */,
				BCD0F3432F995AC80067AA84 /* LaunchScreen.storyboard in Resources */,
			);
			runOnlyForDeploymentPostprocessing = 0;
		};
/* End PBXResourcesBuildPhase section */

/* Begin PBXSourcesBuildPhase section */
		BCD0F32B2F995AC70067AA84 /* Sources */ = {
			isa = PBXSourcesBuildPhase;
			buildActionMask = 2147483647;
			files = (
				A6886CF52FA2203E00809E35 /* GameState.swift in Sources */,
				BCD0F33B2F995AC70067AA84 /* GameViewController.swift in Sources */,
				BCD0F3332F995AC70067AA84 /* AppDelegate.swift in Sources */,
				A6886CF72FA2207B00809E35 /* PlayerNode.swift in Sources */,
			);
			runOnlyForDeploymentPostprocessing = 0;
		};
/* End PBXSourcesBuildPhase section */

/* Begin PBXVariantGroup section */
		BCD0F33C2F995AC70067AA84 /* Main.storyboard */ = {
			isa = PBXVariantGroup;
			children = (
				BCD0F33D2F995AC70067AA84 /* Base */,
			);
			name = Main.storyboard;
			sourceTree = "<group>";
		};
		BCD0F3412F995AC80067AA84 /* LaunchScreen.storyboard */ = {
			isa = PBXVariantGroup;
			children = (
				BCD0F3422F995AC80067AA84 /* Base */,
			);
			name = LaunchScreen.storyboard;
			sourceTree = "<group>";
		};
/* End PBXVariantGroup section */

/* Begin XCBuildConfiguration section */
		BCD0F3442F995AC80067AA84 /* Debug */ = {
			isa = XCBuildConfiguration;
			buildSettings = {
				ALWAYS_SEARCH_USER_PATHS = NO;
				CLANG_ANALYZER_NONNULL = YES;
				CLANG_ANALYZER_NUMBER_OBJECT_CONVERSION = YES_AGGRESSIVE;
				CLANG_CXX_LANGUAGE_STANDARD = "gnu++20";
				CLANG_ENABLE_MODULES = YES;
				CLANG_ENABLE_OBJC_ARC = YES;
				CLANG_ENABLE_OBJC_WEAK = YES;
				CLANG_WARN_BLOCK_CAPTURE_AUTORELEASING = YES;
				CLANG_WARN_BOOL_CONVERSION = YES;
				CLANG_WARN_COMMA = YES;
				CLANG_WARN_CONSTANT_CONVERSION = YES;
				CLANG_WARN_DEPRECATED_OBJC_IMPLEMENTATIONS = YES;
				CLANG_WARN_DIRECT_OBJC_ISA_USAGE = YES_ERROR;
				CLANG_WARN_DOCUMENTATION_COMMENTS = YES;
				CLANG_WARN_EMPTY_BODY = YES;
				CLANG_WARN_ENUM_CONVERSION = YES;
				CLANG_WARN_INFINITE_RECURSION = YES;
				CLANG_WARN_INT_CONVERSION = YES;
				CLANG_WARN_NON_LITERAL_NULL_CONVERSION = YES;
				CLANG_WARN_OBJC_IMPLICIT_RETAIN_SELF = YES;
				CLANG_WARN_OBJC_LITERAL_CONVERSION = YES;
				CLANG_WARN_OBJC_ROOT_CLASS = YES_ERROR;
				CLANG_WARN_QUOTED_INCLUDE_IN_FRAMEWORK_HEADER = YES;
				CLANG_WARN_RANGE_LOOP_ANALYSIS = YES;
				CLANG_WARN_STRICT_PROTOTYPES = YES;
				CLANG_WARN_SUSPICIOUS_MOVE = YES;
				CLANG_WARN_UNGUARDED_AVAILABILITY = YES_AGGRESSIVE;
				CLANG_WARN_UNREACHABLE_CODE = YES;
				CLANG_WARN__DUPLICATE_METHOD_MATCH = YES;
				COPY_PHASE_STRIP = NO;
				DEBUG_INFORMATION_FORMAT = dwarf;
				ENABLE_STRICT_OBJC_MSGSEND = YES;
				ENABLE_TESTABILITY = YES;
				GCC_C_LANGUAGE_STANDARD = gnu11;
				GCC_DYNAMIC_NO_PIC = NO;
				GCC_NO_COMMON_BLOCKS = YES;
				GCC_OPTIMIZATION_LEVEL = 0;
				GCC_PREPROCESSOR_DEFINITIONS = (
					"DEBUG=1",
					"$(inherited)",
				);
				GCC_WARN_64_TO_32_BIT_CONVERSION = YES;
				GCC_WARN_ABOUT_RETURN_TYPE = YES_ERROR;
				GCC_WARN_UNDECLARED_SELECTOR = YES;
				GCC_WARN_UNINITIALIZED_AUTOS = YES_AGGRESSIVE;
				GCC_WARN_UNUSED_FUNCTION = YES;
				GCC_WARN_UNUSED_VARIABLE = YES;
				IPHONEOS_DEPLOYMENT_TARGET = 16.2;
				MTL_ENABLE_DEBUG_INFO = INCLUDE_SOURCE;
				MTL_FAST_MATH = YES;
				ONLY_ACTIVE_ARCH = YES;
				SDKROOT = iphoneos;
				SWIFT_ACTIVE_COMPILATION_CONDITIONS = DEBUG;
				SWIFT_OPTIMIZATION_LEVEL = "-Onone";
			};
			name = Debug;
		};
		BCD0F3452F995AC80067AA84 /* Release */ = {
			isa = XCBuildConfiguration;
			buildSettings = {
				ALWAYS_SEARCH_USER_PATHS = NO;
				CLANG_ANALYZER_NONNULL = YES;
				CLANG_ANALYZER_NUMBER_OBJECT_CONVERSION = YES_AGGRESSIVE;
				CLANG_CXX_LANGUAGE_STANDARD = "gnu++20";
				CLANG_ENABLE_MODULES = YES;
				CLANG_ENABLE_OBJC_ARC = YES;
				CLANG_ENABLE_OBJC_WEAK = YES;
				CLANG_WARN_BLOCK_CAPTURE_AUTORELEASING = YES;
				CLANG_WARN_BOOL_CONVERSION = YES;
				CLANG_WARN_COMMA = YES;
				CLANG_WARN_CONSTANT_CONVERSION = YES;
				CLANG_WARN_DEPRECATED_OBJC_IMPLEMENTATIONS = YES;
				CLANG_WARN_DIRECT_OBJC_ISA_USAGE = YES_ERROR;
				CLANG_WARN_DOCUMENTATION_COMMENTS = YES;
				CLANG_WARN_EMPTY_BODY = YES;
				CLANG_WARN_ENUM_CONVERSION = YES;
				CLANG_WARN_INFINITE_RECURSION = YES;
				CLANG_WARN_INT_CONVERSION = YES;
				CLANG_WARN_NON_LITERAL_NULL_CONVERSION = YES;
				CLANG_WARN_OBJC_IMPLICIT_RETAIN_SELF = YES;
				CLANG_WARN_OBJC_LITERAL_CONVERSION = YES;
				CLANG_WARN_OBJC_ROOT_CLASS = YES_ERROR;
				CLANG_WARN_QUOTED_INCLUDE_IN_FRAMEWORK_HEADER = YES;
				CLANG_WARN_RANGE_LOOP_ANALYSIS = YES;
				CLANG_WARN_STRICT_PROTOTYPES = YES;
				CLANG_WARN_SUSPICIOUS_MOVE = YES;
				CLANG_WARN_UNGUARDED_AVAILABILITY = YES_AGGRESSIVE;
				CLANG_WARN_UNREACHABLE_CODE = YES;
				CLANG_WARN__DUPLICATE_METHOD_MATCH = YES;
				COPY_PHASE_STRIP = NO;
				DEBUG_INFORMATION_FORMAT = "dwarf-with-dsym";
				ENABLE_NS_ASSERTIONS = NO;
				ENABLE_STRICT_OBJC_MSGSEND = YES;
				GCC_C_LANGUAGE_STANDARD = gnu11;
				GCC_NO_COMMON_BLOCKS = YES;
				GCC_WARN_64_TO_32_BIT_CONVERSION = YES;
				GCC_WARN_ABOUT_RETURN_TYPE = YES_ERROR;
				GCC_WARN_UNDECLARED_SELECTOR = YES;
				GCC_WARN_UNINITIALIZED_AUTOS = YES_AGGRESSIVE;
				GCC_WARN_UNUSED_FUNCTION = YES;
				GCC_WARN_UNUSED_VARIABLE = YES;
				IPHONEOS_DEPLOYMENT_TARGET = 16.2;
				MTL_ENABLE_DEBUG_INFO = NO;
				MTL_FAST_MATH = YES;
				SDKROOT = iphoneos;
				SWIFT_COMPILATION_MODE = wholemodule;
				SWIFT_OPTIMIZATION_LEVEL = "-O";
				VALIDATE_PRODUCT = YES;
			};
			name = Release;
		};
		BCD0F3472F995AC80067AA84 /* Debug */ = {
			isa = XCBuildConfiguration;
			buildSettings = {
				ASSETCATALOG_COMPILER_APPICON_NAME = AppIcon;
				ASSETCATALOG_COMPILER_GLOBAL_ACCENT_COLOR_NAME = AccentColor;
				CODE_SIGN_STYLE = Automatic;
				CURRENT_PROJECT_VERSION = 1;
				GENERATE_INFOPLIST_FILE = YES;
				INFOPLIST_KEY_UIApplicationSupportsIndirectInputEvents = YES;
				INFOPLIST_KEY_UILaunchStoryboardName = LaunchScreen;
				INFOPLIST_KEY_UIMainStoryboardFile = Main;
				INFOPLIST_KEY_UIStatusBarHidden = YES;
				INFOPLIST_KEY_UISupportedInterfaceOrientations = "UIInterfaceOrientationLandscapeLeft UIInterfaceOrientationLandscapeRight";
				INFOPLIST_KEY_UISupportedInterfaceOrientations_iPad = "UIInterfaceOrientationLandscapeLeft UIInterfaceOrientationLandscapeRight UIInterfaceOrientationPortraitUpsideDown";
				LD_RUNPATH_SEARCH_PATHS = (
					"$(inherited)",
					"@executable_path/Frameworks",
				);
				MARKETING_VERSION = 1.0;
				PRODUCT_BUNDLE_IDENTIFIER = bestDevTeam.GeoShot;
				PRODUCT_NAME = "$(TARGET_NAME)";
				SWIFT_EMIT_LOC_STRINGS = YES;
				SWIFT_VERSION = 5.0;
				TARGETED_DEVICE_FAMILY = "1,2";
			};
			name = Debug;
		};
		BCD0F3482F995AC80067AA84 /* Release */ = {
			isa = XCBuildConfiguration;
			buildSettings = {
				ASSETCATALOG_COMPILER_APPICON_NAME = AppIcon;
				ASSETCATALOG_COMPILER_GLOBAL_ACCENT_COLOR_NAME = AccentColor;
				CODE_SIGN_STYLE = Automatic;
				CURRENT_PROJECT_VERSION = 1;
				GENERATE_INFOPLIST_FILE = YES;
				INFOPLIST_KEY_UIApplicationSupportsIndirectInputEvents = YES;
				INFOPLIST_KEY_UILaunchStoryboardName = LaunchScreen;
				INFOPLIST_KEY_UIMainStoryboardFile = Main;
				INFOPLIST_KEY_UIStatusBarHidden = YES;
				INFOPLIST_KEY_UISupportedInterfaceOrientations = "UIInterfaceOrientationLandscapeLeft UIInterfaceOrientationLandscapeRight";
				INFOPLIST_KEY_UISupportedInterfaceOrientations_iPad = "UIInterfaceOrientationLandscapeLeft UIInterfaceOrientationLandscapeRight UIInterfaceOrientationPortraitUpsideDown";
				LD_RUNPATH_SEARCH_PATHS = (
					"$(inherited)",
					"@executable_path/Frameworks",
				);
				MARKETING_VERSION = 1.0;
				PRODUCT_BUNDLE_IDENTIFIER = bestDevTeam.GeoShot;
				PRODUCT_NAME = "$(TARGET_NAME)";
				SWIFT_EMIT_LOC_STRINGS = YES;
				SWIFT_VERSION = 5.0;
				TARGETED_DEVICE_FAMILY = "1,2";
			};
			name = Release;
		};
/* End XCBuildConfiguration section */

/* Begin XCConfigurationList section */
		BCD0F32A2F995AC70067AA84 /* Build configuration list for PBXProject "GeoShot" */ = {
			isa = XCConfigurationList;
			buildConfigurations = (
				BCD0F3442F995AC80067AA84 /* Debug */,
				BCD0F3452F995AC80067AA84 /* Release */,
			);
			defaultConfigurationIsVisible = 0;
			defaultConfigurationName = Release;
		};
		BCD0F3462F995AC80067AA84 /* Build configuration list for PBXNativeTarget "GeoShot" */ = {
			isa = XCConfigurationList;
			buildConfigurations = (
				BCD0F3472F995AC80067AA84 /* Debug */,
				BCD0F3482F995AC80067AA84 /* Release */,
			);
			defaultConfigurationIsVisible = 0;
			defaultConfigurationName = Release;
		};
/* End XCConfigurationList section */
	};
	rootObject = BCD0F3272F995AC70067AA84 /* Project object */;
}
